
Microsoft Visual Studio Solution File, Format Version 12.00
# Visual Studio Version 17
VisualStudioVersion = 17.12.35521.163 d17.12
MinimumVisualStudioVersion = 10.0.40219.1
Project("{FAE04EC0-301F-11D3-BF4B-00C04F79EFBC}") = "ReactTestApp-1.Server", "ReactTestApp-1.Server\ReactTestApp-1.Server.csproj", "{7E24DBFF-8171-4DF5-969E-C3E6E4F5BE7F}"
EndProject
Project("{54A90642-561A-4BB1-A94E-469ADEE60C69}") = "reacttestapp-1.client", "reacttestapp-1.client\reacttestapp-1.client.esproj", "{2D64E506-EAFC-44BA-A565-8D2B1C434117}"
EndProject
Global
	GlobalSection(SolutionConfigurationPlatforms) = preSolution
		Debug|Any CPU = Debug|Any CPU
		Release|Any CPU = Release|Any CPU
	EndGlobalSection
	GlobalSection(ProjectConfigurationPlatforms) = postSolution
		{7E24DBFF-8171-4DF5-969E-C3E6E4F5BE7F}.Debug|Any CPU.ActiveCfg = Debug|Any CPU
		{7E24DBFF-8171-4DF5-969E-C3E6E4F5BE7F}.Debug|Any CPU.Build.0 = Debug|Any CPU
		{7E24DBFF-8171-4DF5-969E-C3E6E4F5BE7F}.Release|Any CPU.ActiveCfg = Release|Any CPU
		{7E24DBFF-8171-4DF5-969E-C3E6E4F5BE7F}.Release|Any CPU.Build.0 = Release|Any CPU
		{2D64E506-EAFC-44BA-A565-8D2B1C434117}.Debug|Any CPU.ActiveCfg = Debug|Any CPU
		{2D64E506-EAFC-44BA-A565-8D2B1C434117}.Debug|Any CPU.Build.0 = Debug|Any CPU
		{2D64E506-EAFC-44BA-A565-8D2B1C434117}.Debug|Any CPU.Deploy.0 = Debug|Any CPU
		{2D64E506-EAFC-44BA-A565-8D2B1C434117}.Release|Any CPU.ActiveCfg = Release|Any CPU
		{2D64E506-EAFC-44BA-A565-8D2B1C434117}.Release|Any CPU.Build.0 = Release|Any CPU
		{2D64E506-EAFC-44BA-A565-8D2B1C434117}.Release|Any CPU.Deploy.0 = Release|Any CPU
	EndGlobalSection
	GlobalSection(SolutionProperties) = preSolution
		HideSolutionNode = FALSE
	EndGlobalSection
EndGlobal
